
Microsoft Visual Studio Solution File, Format Version 12.00
# Visual Studio Version 17
VisualStudioVersion = 17.6.33723.286
MinimumVisualStudioVersion = 10.0.40219.1
Project("{2150E333-8FDC-42A3-9474-1A3956D46DE8}") = "Code", "Code", "{A7D75834-11DC-47D8-94ED-4C5A8A766081}"
EndProject
Project("{2150E333-8FDC-42A3-9474-1A3956D46DE8}") = "Gui", "Gui", "{08F347CA-95B6-4F6E-82C7-8ECAF79784C8}"
EndProject
Project("{9A19103F-16F7-4668-BE54-9A1E7A4F7556}") = "TruCoNsole.Application", "src\core\TruCoNsole.Application\TruCoNsole.Application.csproj", "{CF01DA5D-9BEC-4422-8927-F64E08CE08FC}"
EndProject
Project("{9A19103F-16F7-4668-BE54-9A1E7A4F7556}") = "TruCoNsole.Domain", "src\core\TruCoNsole.Domain\TruCoNsole.Domain.csproj", "{E9C90563-ECD8-462A-9B28-F1A2CD242649}"
EndProject
Project("{9A19103F-16F7-4668-BE54-9A1E7A4F7556}") = "TruCoNsole", "src\gui\TruCoNsole.csproj", "{CC49F59F-4696-40A7-A88B-F80E61089F9C}"
EndProject
Global
	GlobalSection(SolutionConfigurationPlatforms) = preSolution
		Debug|Any CPU = Debug|Any CPU
		Release|Any CPU = Release|Any CPU
	EndGlobalSection
	GlobalSection(ProjectConfigurationPlatforms) = postSolution
		{CF01DA5D-9BEC-4422-8927-F64E08CE08FC}.Debug|Any CPU.ActiveCfg = Debug|Any CPU
		{CF01DA5D-9BEC-4422-8927-F64E08CE08FC}.Debug|Any CPU.Build.0 = Debug|Any CPU
		{CF01DA5D-9BEC-4422-8927-F64E08CE08FC}.Release|Any CPU.ActiveCfg = Release|Any CPU
		{CF01DA5D-9BEC-4422-8927-F64E08CE08FC}.Release|Any CPU.Build.0 = Release|Any CPU
		{E9C90563-ECD8-462A-9B28-F1A2CD242649}.Debug|Any CPU.ActiveCfg = Debug|Any CPU
		{E9C90563-ECD8-462A-9B28-F1A2CD242649}.Debug|Any CPU.Build.0 = Debug|Any CPU
		{E9C90563-ECD8-462A-9B28-F1A2CD242649}.Release|Any CPU.ActiveCfg = Release|Any CPU
		{E9C90563-ECD8-462A-9B28-F1A2CD242649}.Release|Any CPU.Build.0 = Release|Any CPU
		{CC49F59F-4696-40A7-A88B-F80E61089F9C}.Debug|Any CPU.ActiveCfg = Debug|Any CPU
		{CC49F59F-4696-40A7-A88B-F80E61089F9C}.Debug|Any CPU.Build.0 = Debug|Any CPU
		{CC49F59F-4696-40A7-A88B-F80E61089F9C}.Release|Any CPU.ActiveCfg = Release|Any CPU
		{CC49F59F-4696-40A7-A88B-F80E61089F9C}.Release|Any CPU.Build.0 = Release|Any CPU
	EndGlobalSection
	GlobalSection(SolutionProperties) = preSolution
		HideSolutionNode = FALSE
	EndGlobalSection
	GlobalSection(NestedProjects) = preSolution
		{CF01DA5D-9BEC-4422-8927-F64E08CE08FC} = {A7D75834-11DC-47D8-94ED-4C5A8A766081}
		{E9C90563-ECD8-462A-9B28-F1A2CD242649} = {A7D75834-11DC-47D8-94ED-4C5A8A766081}
		{CC49F59F-4696-40A7-A88B-F80E61089F9C} = {08F347CA-95B6-4F6E-82C7-8ECAF79784C8}
	EndGlobalSection
	GlobalSection(ExtensibilityGlobals) = postSolution
		SolutionGuid = {F597F886-AD2B-4EBE-9D83-2EBFC23B0D86}
	EndGlobalSection
EndGlobal
